// !$*UTF8*$!
{
	archiveVersion = 1;
	classes = {
	};
	objectVersion = 50;
	objects = {

/* Begin PBXBuildFile section */
		AB164D0E2467FA0B00D979CB /* EditViewController.swift in Sources */ = {isa = PBXBuildFile; fileRef = AB164D0D2467FA0B00D979CB /* EditViewController.swift */; };
		AB164D102467FECA00D979CB /* CheckData.swift in Sources */ = {isa = PBXBuildFile; fileRef = AB164D0F2467FECA00D979CB /* CheckData.swift */; };
		AB28CBF924642BEE0027268D /* MainViewController.swift in Sources */ = {isa = PBXBuildFile; fileRef = AB28CBF824642BEE0027268D /* MainViewController.swift */; };
		AB28CBFB24642C100027268D /* SecondViewController.swift in Sources */ = {isa = PBXBuildFile; fileRef = AB28CBFA24642C100027268D /* SecondViewController.swift */; };
		AB62BC732463EEEB0039A0FB /* AppDelegate.swift in Sources */ = {isa = PBXBuildFile; fileRef = AB62BC722463EEEB0039A0FB /* AppDelegate.swift */; };
		AB62BC752463EEEB0039A0FB /* SceneDelegate.swift in Sources */ = {isa = PBXBuildFile; fileRef = AB62BC742463EEEB0039A0FB /* SceneDelegate.swift */; };
		AB62BC7A2463EEEB0039A0FB /* Main.storyboard in Resources */ = {isa = PBXBuildFile; fileRef = AB62BC782463EEEB0039A0FB /* Main.storyboard */; };
		AB62BC7C2463EEED0039A0FB /* Assets.xcassets in Resources */ = {isa = PBXBuildFile; fileRef = AB62BC7B2463EEED0039A0FB /* Assets.xcassets */; };
		AB62BC7F2463EEED0039A0FB /* LaunchScreen.storyboard in Resources */ = {isa = PBXBuildFile; fileRef = AB62BC7D2463EEED0039A0FB /* LaunchScreen.storyboard */; };
		ABE9FE41246597B400E2D847 /* CustomCell.swift in Sources */ = {isa = PBXBuildFile; fileRef = ABE9FE40246597B400E2D847 /* CustomCell.swift */; };
/* End PBXBuildFile section */

/* Begin PBXFileReference section */
		AB164D0D2467FA0B00D979CB /* EditViewController.swift */ = {isa = PBXFileReference; lastKnownFileType = sourcecode.swift; path = EditViewController.swift; sourceTree = "<group>"; };
		AB164D0F2467FECA00D979CB /* CheckData.swift */ = {isa = PBXFileReference; lastKnownFileType = sourcecode.swift; path = CheckData.swift; sourceTree = "<group>"; };
		AB28CBF824642BEE0027268D /* MainViewController.swift */ = {isa = PBXFileReference; lastKnownFileType = sourcecode.swift; path = MainViewController.swift; sourceTree = "<group>"; };
		AB28CBFA24642C100027268D /* SecondViewController.swift */ = {isa = PBXFileReference; lastKnownFileType = sourcecode.swift; path = SecondViewController.swift; sourceTree = "<group>"; };
		AB62BC6F2463EEEB0039A0FB /* MoneyKeeper.app */ = {isa = PBXFileReference; explicitFileType = wrapper.application; includeInIndex = 0; path = MoneyKeeper.app; sourceTree = BUILT_PRODUCTS_DIR; };
		AB62BC722463EEEB0039A0FB /* AppDelegate.swift */ = {isa = PBXFileReference; lastKnownFileType = sourcecode.swift; path = AppDelegate.swift; sourceTree = "<group>"; };
		AB62BC742463EEEB0039A0FB /* SceneDelegate.swift */ = {isa = PBXFileReference; lastKnownFileType = sourcecode.swift; path = SceneDelegate.swift; sourceTree = "<group>"; };
		AB62BC792463EEEB0039A0FB /* Base */ = {isa = PBXFileReference; lastKnownFileType = file.storyboard; name = Base; path = Base.lproj/Main.storyboard; sourceTree = "<group>"; };
		AB62BC7B2463EEED0039A0FB /* Assets.xcassets */ = {isa = PBXFileReference; lastKnownFileType = folder.assetcatalog; path = Assets.xcassets; sourceTree = "<group>"; };
		AB62BC7E2463EEED0039A0FB /* Base */ = {isa = PBXFileReference; lastKnownFileType = file.storyboard; name = Base; path = Base.lproj/LaunchScreen.storyboard; sourceTree = "<group>"; };
		AB62BC802463EEED0039A0FB /* Info.plist */ = {isa = PBXFileReference; lastKnownFileType = text.plist.xml; path = Info.plist; sourceTree = "<group>"; };
		ABE9FE40246597B400E2D847 /* CustomCell.swift */ = {isa = PBXFileReference; lastKnownFileType = sourcecode.swift; path = CustomCell.swift; sourceTree = "<group>"; };
/* End PBXFileReference section */

/* Begin PBXFrameworksBuildPhase section */
		AB62BC6C2463EEEB0039A0FB /* Frameworks */ = {
			isa = PBXFrameworksBuildPhase;
			buildActionMask = 2147483647;
			files = (
			);
			runOnlyForDeploymentPostprocessing = 0;
		};
/* End PBXFrameworksBuildPhase section */

/* Begin PBXGroup section */
		AB62BC662463EEEB0039A0FB = {
			isa = PBXGroup;
			children = (
				AB62BC712463EEEB0039A0FB /* MoneyKeeper */,
				AB62BC702463EEEB0039A0FB /* Products */,
			);
			sourceTree = "<group>";
		};
		AB62BC702463EEEB0039A0FB /* Products */ = {
			isa = PBXGroup;
			children = (
				AB62BC6F2463EEEB0039A0FB /* MoneyKeeper.app */,
			);
			name = Products;
			sourceTree = "<group>";
		};
		AB62BC712463EEEB0039A0FB /* MoneyKeeper */ = {
			isa = PBXGroup;
			children = (
				AB62BC722463EEEB0039A0FB /* AppDelegate.swift */,
				AB62BC742463EEEB0039A0FB /* SceneDelegate.swift */,
				AB62BC782463EEEB0039A0FB /* Main.storyboard */,
				AB164D0D2467FA0B00D979CB /* EditViewController.swift */,
				ABE9FE40246597B400E2D847 /* CustomCell.swift */,
				AB28CBFA24642C100027268D /* SecondViewController.swift */,
				AB164D0F2467FECA00D979CB /* CheckData.swift */,
				AB28CBF824642BEE0027268D /* MainViewController.swift */,
				AB62BC7B2463EEED0039A0FB /* Assets.xcassets */,
				AB62BC7D2463EEED0039A0FB /* LaunchScreen.storyboard */,
				AB62BC802463EEED0039A0FB /* Info.plist */,
			);
			path = MoneyKeeper;
			sourceTree = "<group>";
		};
/* End PBXGroup section */

/* Begin PBXNativeTarget section */
		AB62BC6E2463EEEB0039A0FB /* MoneyKeeper */ = {
			isa = PBXNativeTarget;
			buildConfigurationList = AB62BC832463EEED0039A0FB /* Build configuration list for PBXNativeTarget "MoneyKeeper" */;
			buildPhases = (
				AB62BC6B2463EEEB0039A0FB /* Sources */,
				AB62BC6C2463EEEB0039A0FB /* Frameworks */,
				AB62BC6D2463EEEB0039A0FB /* Resources */,
			);
			buildRules = (
			);
			dependencies = (
			);
			name = MoneyKeeper;
			productName = MoneyKeeper;
			productReference = AB62BC6F2463EEEB0039A0FB /* MoneyKeeper.app */;
			productType = "com.apple.product-type.application";
		};
/* End PBXNativeTarget section */

/* Begin PBXProject section */
		AB62BC672463EEEB0039A0FB /* Project object */ = {
			isa = PBXProject;
			attributes = {
				LastSwiftUpdateCheck = 1140;
				LastUpgradeCheck = 1140;
				ORGANIZATIONNAME = "Станислав Никишков";
				TargetAttributes = {
					AB62BC6E2463EEEB0039A0FB = {
						CreatedOnToolsVersion = 11.4.1;
					};
				};
			};
			buildConfigurationList = AB62BC6A2463EEEB0039A0FB /* Build configuration list for PBXProject "MoneyKeeper" */;
			compatibilityVersion = "Xcode 9.3";
			developmentRegion = en;
			hasScannedForEncodings = 0;
			knownRegions = (
				en,
				Base,
			);
			mainGroup = AB62BC662463EEEB0039A0FB;
			productRefGroup = AB62BC702463EEEB0039A0FB /* Products */;
			projectDirPath = "";
			projectRoot = "";
			targets = (
				AB62BC6E2463EEEB0039A0FB /* MoneyKeeper */,
			);
		};
/* End PBXProject section */

/* Begin PBXResourcesBuildPhase section */
		AB62BC6D2463EEEB0039A0FB /* Resources */ = {
			isa = PBXResourcesBuildPhase;
			buildActionMask = 2147483647;
			files = (
				AB62BC7F2463EEED0039A0FB /* LaunchScreen.storyboard in Resources */,
				AB62BC7C2463EEED0039A0FB /* Assets.xcassets in Resources */,
				AB62BC7A2463EEEB0039A0FB /* Main.storyboard in Resources */,
			);
			runOnlyForDeploymentPostprocessing = 0;
		};
/* End PBXResourcesBuildPhase section */

/* Begin PBXSourcesBuildPhase section */
		AB62BC6B2463EEEB0039A0FB /* Sources */ = {
			isa = PBXSourcesBuildPhase;
			buildActionMask = 2147483647;
			files = (
				ABE9FE41246597B400E2D847 /* CustomCell.swift in Sources */,
				AB28CBFB24642C100027268D /* SecondViewController.swift in Sources */,
				AB164D0E2467FA0B00D979CB /* EditViewController.swift in Sources */,
				AB28CBF924642BEE0027268D /* MainViewController.swift in Sources */,
				AB62BC732463EEEB0039A0FB /* AppDelegate.swift in Sources */,
				AB62BC752463EEEB0039A0FB /* SceneDelegate.swift in Sources */,
				AB164D102467FECA00D979CB /* CheckData.swift in Sources */,
			);
			runOnlyForDeploymentPostprocessing = 0;
		};
/* End PBXSourcesBuildPhase section */

/* Begin PBXVariantGroup section */
		AB62BC782463EEEB0039A0FB /* Main.storyboard */ = {
			isa = PBXVariantGroup;
			children = (
				AB62BC792463EEEB0039A0FB /* Base */,
			);
			name = Main.storyboard;
			sourceTree = "<group>";
		};
		AB62BC7D2463EEED0039A0FB /* LaunchScreen.storyboard */ = {
			isa = PBXVariantGroup;
			children = (
				AB62BC7E2463EEED0039A0FB /* Base */,
			);
			name = LaunchScreen.storyboard;
			sourceTree = "<group>";
		};
/* End PBXVariantGroup section */

/* Begin XCBuildConfiguration section */
		AB62BC812463EEED0039A0FB /* Debug */ = {
			isa = XCBuildConfiguration;
			buildSettings = {
				ALWAYS_SEARCH_USER_PATHS = NO;
				CLANG_ANALYZER_NONNULL = YES;
				CLANG_ANALYZER_NUMBER_OBJECT_CONVERSION = YES_AGGRESSIVE;
				CLANG_CXX_LANGUAGE_STANDARD = "gnu++14";
				CLANG_CXX_LIBRARY = "libc++";
				CLANG_ENABLE_MODULES = YES;
				CLANG_ENABLE_OBJC_ARC = YES;
				CLANG_ENABLE_OBJC_WEAK = YES;
				CLANG_WARN_BLOCK_CAPTURE_AUTORELEASING = YES;
				CLANG_WARN_BOOL_CONVERSION = YES;
				CLANG_WARN_COMMA = YES;
				CLANG_WARN_CONSTANT_CONVERSION = YES;
				CLANG_WARN_DEPRECATED_OBJC_IMPLEMENTATIONS = YES;
				CLANG_WARN_DIRECT_OBJC_ISA_USAGE = YES_ERROR;
				CLANG_WARN_DOCUMENTATION_COMMENTS = YES;
				CLANG_WARN_EMPTY_BODY = YES;
				CLANG_WARN_ENUM_CONVERSION = YES;
				CLANG_WARN_INFINITE_RECURSION = YES;
				CLANG_WARN_INT_CONVERSION = YES;
				CLANG_WARN_NON_LITERAL_NULL_CONVERSION = YES;
				CLANG_WARN_OBJC_IMPLICIT_RETAIN_SELF = YES;
				CLANG_WARN_OBJC_LITERAL_CONVERSION = YES;
				CLANG_WARN_OBJC_ROOT_CLASS = YES_ERROR;
				CLANG_WARN_RANGE_LOOP_ANALYSIS = YES;
				CLANG_WARN_STRICT_PROTOTYPES = YES;
				CLANG_WARN_SUSPICIOUS_MOVE = YES;
				CLANG_WARN_UNGUARDED_AVAILABILITY = YES_AGGRESSIVE;
				CLANG_WARN_UNREACHABLE_CODE = YES;
				CLANG_WARN__DUPLICATE_METHOD_MATCH = YES;
				COPY_PHASE_STRIP = NO;
				DEBUG_INFORMATION_FORMAT = dwarf;
				ENABLE_STRICT_OBJC_MSGSEND = YES;
				ENABLE_TESTABILITY = YES;
				GCC_C_LANGUAGE_STANDARD = gnu11;
				GCC_DYNAMIC_NO_PIC = NO;
				GCC_NO_COMMON_BLOCKS = YES;
				GCC_OPTIMIZATION_LEVEL = 0;
				GCC_PREPROCESSOR_DEFINITIONS = (
					"DEBUG=1",
					"$(inherited)",
				);
				GCC_WARN_64_TO_32_BIT_CONVERSION = YES;
				GCC_WARN_ABOUT_RETURN_TYPE = YES_ERROR;
				GCC_WARN_UNDECLARED_SELECTOR = YES;
				GCC_WARN_UNINITIALIZED_AUTOS = YES_AGGRESSIVE;
				GCC_WARN_UNUSED_FUNCTION = YES;
				GCC_WARN_UNUSED_VARIABLE = YES;
				IPHONEOS_DEPLOYMENT_TARGET = 13.4;
				MTL_ENABLE_DEBUG_INFO = INCLUDE_SOURCE;
				MTL_FAST_MATH = YES;
				ONLY_ACTIVE_ARCH = YES;
				SDKROOT = iphoneos;
				SWIFT_ACTIVE_COMPILATION_CONDITIONS = DEBUG;
				SWIFT_OPTIMIZATION_LEVEL = "-Onone";
			};
			name = Debug;
		};
		AB62BC822463EEED0039A0FB /* Release */ = {
			isa = XCBuildConfiguration;
			buildSettings = {
				ALWAYS_SEARCH_USER_PATHS = NO;
				CLANG_ANALYZER_NONNULL = YES;
				CLANG_ANALYZER_NUMBER_OBJECT_CONVERSION = YES_AGGRESSIVE;
				CLANG_CXX_LANGUAGE_STANDARD = "gnu++14";
				CLANG_CXX_LIBRARY = "libc++";
				CLANG_ENABLE_MODULES = YES;
				CLANG_ENABLE_OBJC_ARC = YES;
				CLANG_ENABLE_OBJC_WEAK = YES;
				CLANG_WARN_BLOCK_CAPTURE_AUTORELEASING = YES;
				CLANG_WARN_BOOL_CONVERSION = YES;
				CLANG_WARN_COMMA = YES;
				CLANG_WARN_CONSTANT_CONVERSION = YES;
				CLANG_WARN_DEPRECATED_OBJC_IMPLEMENTATIONS = YES;
				CLANG_WARN_DIRECT_OBJC_ISA_USAGE = YES_ERROR;
				CLANG_WARN_DOCUMENTATION_COMMENTS = YES;
				CLANG_WARN_EMPTY_BODY = YES;
				CLANG_WARN_ENUM_CONVERSION = YES;
				CLANG_WARN_INFINITE_RECURSION = YES;
				CLANG_WARN_INT_CONVERSION = YES;
				CLANG_WARN_NON_LITERAL_NULL_CONVERSION = YES;
				CLANG_WARN_OBJC_IMPLICIT_RETAIN_SELF = YES;
				CLANG_WARN_OBJC_LITERAL_CONVERSION = YES;
				CLANG_WARN_OBJC_ROOT_CLASS = YES_ERROR;
				CLANG_WARN_RANGE_LOOP_ANALYSIS = YES;
				CLANG_WARN_STRICT_PROTOTYPES = YES;
				CLANG_WARN_SUSPICIOUS_MOVE = YES;
				CLANG_WARN_UNGUARDED_AVAILABILITY = YES_AGGRESSIVE;
				CLANG_WARN_UNREACHABLE_CODE = YES;
				CLANG_WARN__DUPLICATE_METHOD_MATCH = YES;
				COPY_PHASE_STRIP = NO;
				DEBUG_INFORMATION_FORMAT = "dwarf-with-dsym";
				ENABLE_NS_ASSERTIONS = NO;
				ENABLE_STRICT_OBJC_MSGSEND = YES;
				GCC_C_LANGUAGE_STANDARD = gnu11;
				GCC_NO_COMMON_BLOCKS = YES;
				GCC_WARN_64_TO_32_BIT_CONVERSION = YES;
				GCC_WARN_ABOUT_RETURN_TYPE = YES_ERROR;
				GCC_WARN_UNDECLARED_SELECTOR = YES;
				GCC_WARN_UNINITIALIZED_AUTOS = YES_AGGRESSIVE;
				GCC_WARN_UNUSED_FUNCTION = YES;
				GCC_WARN_UNUSED_VARIABLE = YES;
				IPHONEOS_DEPLOYMENT_TARGET = 13.4;
				MTL_ENABLE_DEBUG_INFO = NO;
				MTL_FAST_MATH = YES;
				SDKROOT = iphoneos;
				SWIFT_COMPILATION_MODE = wholemodule;
				SWIFT_OPTIMIZATION_LEVEL = "-O";
				VALIDATE_PRODUCT = YES;
			};
			name = Release;
		};
		AB62BC842463EEED0039A0FB /* Debug */ = {
			isa = XCBuildConfiguration;
			buildSettings = {
				ASSETCATALOG_COMPILER_APPICON_NAME = AppIcon;
				CODE_SIGN_STYLE = Automatic;
				DEVELOPMENT_TEAM = 677UKH3X9Y;
				INFOPLIST_FILE = MoneyKeeper/Info.plist;
				IPHONEOS_DEPLOYMENT_TARGET = 13.0;
				LD_RUNPATH_SEARCH_PATHS = (
					"$(inherited)",
					"@executable_path/Frameworks",
				);
				PRODUCT_BUNDLE_IDENTIFIER = justrelax.MoneyKeeper;
				PRODUCT_NAME = "$(TARGET_NAME)";
				SWIFT_VERSION = 5.0;
				TARGETED_DEVICE_FAMILY = 1;
			};
			name = Debug;
		};
		AB62BC852463EEED0039A0FB /* Release */ = {
			isa = XCBuildConfiguration;
			buildSettings = {
				ASSETCATALOG_COMPILER_APPICON_NAME = AppIcon;
				CODE_SIGN_STYLE = Automatic;
				DEVELOPMENT_TEAM = 677UKH3X9Y;
				INFOPLIST_FILE = MoneyKeeper/Info.plist;
				IPHONEOS_DEPLOYMENT_TARGET = 13.0;
				LD_RUNPATH_SEARCH_PATHS = (
					"$(inherited)",
					"@executable_path/Frameworks",
				);
				PRODUCT_BUNDLE_IDENTIFIER = justrelax.MoneyKeeper;
				PRODUCT_NAME = "$(TARGET_NAME)";
				SWIFT_VERSION = 5.0;
				TARGETED_DEVICE_FAMILY = 1;
			};
			name = Release;
		};
/* End XCBuildConfiguration section */

/* Begin XCConfigurationList section */
		AB62BC6A2463EEEB0039A0FB /* Build configuration list for PBXProject "MoneyKeeper" */ = {
			isa = XCConfigurationList;
			buildConfigurations = (
				AB62BC812463EEED0039A0FB /* Debug */,
				AB62BC822463EEED0039A0FB /* Release */,
			);
			defaultConfigurationIsVisible = 0;
			defaultConfigurationName = Release;
		};
		AB62BC832463EEED0039A0FB /* Build configuration list for PBXNativeTarget "MoneyKeeper" */ = {
			isa = XCConfigurationList;
			buildConfigurations = (
				AB62BC842463EEED0039A0FB /* Debug */,
				AB62BC852463EEED0039A0FB /* Release */,
			);
			defaultConfigurationIsVisible = 0;
			defaultConfigurationName = Release;
		};
/* End XCConfigurationList section */
	};
	rootObject = AB62BC672463EEEB0039A0FB /* Project object */;
}
